{
  "pins" : [
    {
      "identity" : "swiftui-gesture-velocity",
      "kind" : "remoteSourceControl",
      "location" : "https://github.com/FluidGroup/swiftui-gesture-velocity",
      "state" : {
        "revision" : "9c83f8995f9e5efc29db2fca4b9ff058283f1603",
        "version" : "1.0.0"
      }
    },
    {
      "identity" : "swiftui-hosting",
      "kind" : "remoteSourceControl",
      "location" : "https://github.com/FluidGroup/swiftui-hosting",
      "state" : {
        "revision" : "064204fab9a34aeb267b2418e1037006d043c147",
        "version" : "1.1.0"
      }
    },
    {
      "identity" : "swiftui-support",
      "kind" : "remoteSourceControl",
      "location" : "https://github.com/FluidGroup/swiftui-support",
      "state" : {
        "revision" : "8ef53190c33bd345e7a95ef504dafe0f85ad9c4d",
        "version" : "0.4.1"
      }
    }
  ],
  "version" : 2
}
