{
  "originHash" : "4fe9adc213d46c0b134bdc7126a5fbbd68042f9fbd1fe355d8af6dfa00d396a9",
  "pins" : [
    {
      "identity" : "swift-indexed-collection",
      "kind" : "remoteSourceControl",
      "location" : "https://github.com/FluidGroup/swift-indexed-collection",
      "state" : {
        "revision" : "9b17bf06eae73fee93dae9a0fa6de2e33900d9c5",
        "version" : "0.2.1"
      }
    },
    {
      "identity" : "swiftui-introspect",
      "kind" : "remoteSourceControl",
      "location" : "https://github.com/siteline/swiftui-introspect",
      "state" : {
        "revision" : "469f9e8becd1b229b9c2056a4bd80dcce3b65a69",
        "version" : "27.0.0-beta.2"
      }
    }
  ],
  "version" : 3
}
