// !$*UTF8*$!
{
	archiveVersion = 1;
	classes = {
	};
	objectVersion = 56;
	objects = {

/* Begin PBXBuildFile section */
		4B08E0AB2CF5805500B05999 /* BookScrollView.swift in Sources */ = {isa = PBXBuildFile; fileRef = 4B08E0AA2CF5805200B05999 /* BookScrollView.swift */; };
		4B08E0AD2CF5947100B05999 /* ScrollTracking in Frameworks */ = {isa = PBXBuildFile; productRef = 4B08E0AC2CF5947100B05999 /* ScrollTracking */; };
		4B26A67B2A33239500B75FB4 /* DevelopmentApp.swift in Sources */ = {isa = PBXBuildFile; fileRef = 4B26A67A2A33239500B75FB4 /* DevelopmentApp.swift */; };
		4B26A67D2A33239500B75FB4 /* ContentView.swift in Sources */ = {isa = PBXBuildFile; fileRef = 4B26A67C2A33239500B75FB4 /* ContentView.swift */; };
		4B26A67F2A33239600B75FB4 /* Assets.xcassets in Resources */ = {isa = PBXBuildFile; fileRef = 4B26A67E2A33239600B75FB4 /* Assets.xcassets */; };
		4B26A6822A33239600B75FB4 /* Preview Assets.xcassets in Resources */ = {isa = PBXBuildFile; fileRef = 4B26A6812A33239600B75FB4 /* Preview Assets.xcassets */; };
		4B3722682A33C701005FF24A /* BookUIKitBasedCompositional.swift in Sources */ = {isa = PBXBuildFile; fileRef = 4B3722672A33C701005FF24A /* BookUIKitBasedCompositional.swift */; };
		4B910EBC2A77A2F50079D26D /* BookUIKitBasedFlow.swift in Sources */ = {isa = PBXBuildFile; fileRef = 4B910EBB2A77A2F50079D26D /* BookUIKitBasedFlow.swift */; };
		4B9223622D3CE6BC007E20CB /* GlobalCounter.swift in Sources */ = {isa = PBXBuildFile; fileRef = 4B9223612D3CE6B5007E20CB /* GlobalCounter.swift */; };
		4B9981D82A34F9B500840751 /* CompositionKit in Frameworks */ = {isa = PBXBuildFile; productRef = 4B9981D72A34F9B500840751 /* CompositionKit */; };
		4BC34FAF2CDB1B9200D22811 /* CollectionView in Frameworks */ = {isa = PBXBuildFile; productRef = 4BC34FAE2CDB1B9200D22811 /* CollectionView */; };
		4BC34FB12CDB1C0C00D22811 /* BookCollectionView.swift in Sources */ = {isa = PBXBuildFile; fileRef = 4BC34FB02CDB1C0500D22811 /* BookCollectionView.swift */; };
		4BD04C152B2C05C600FE41D9 /* BookPlainCollectionView.swift in Sources */ = {isa = PBXBuildFile; fileRef = 4BD04C142B2C05C600FE41D9 /* BookPlainCollectionView.swift */; };
		4BD04C172B2C13BB00FE41D9 /* Logger.swift in Sources */ = {isa = PBXBuildFile; fileRef = 4BD04C162B2C13BB00FE41D9 /* Logger.swift */; };
		4BD04C192B2C15E100FE41D9 /* Color.swift in Sources */ = {isa = PBXBuildFile; fileRef = 4BD04C182B2C15E100FE41D9 /* Color.swift */; };
		4BD542E92A362B40006261B9 /* DynamicList in Frameworks */ = {isa = PBXBuildFile; productRef = 4BD542E82A362B40006261B9 /* DynamicList */; };
		4BEAFA492A3CE3B100478C59 /* BookVariadicView.swift in Sources */ = {isa = PBXBuildFile; fileRef = 4BEAFA482A3CE3B100478C59 /* BookVariadicView.swift */; };
		4BEAFA4C2A3CE48800478C59 /* AsyncMultiplexImage in Frameworks */ = {isa = PBXBuildFile; productRef = 4BEAFA4B2A3CE48800478C59 /* AsyncMultiplexImage */; };
		4BEAFA4E2A3CE48800478C59 /* AsyncMultiplexImage-Nuke in Frameworks */ = {isa = PBXBuildFile; productRef = 4BEAFA4D2A3CE48800478C59 /* AsyncMultiplexImage-Nuke */; };
		4BEBA5682D3EC5A200BDE020 /* BookRerender.swift in Sources */ = {isa = PBXBuildFile; fileRef = 4BEBA5672D3EC59A00BDE020 /* BookRerender.swift */; };
		B059CA352E8E36F900879BA6 /* Hopping.swift in Sources */ = {isa = PBXBuildFile; fileRef = B059CA342E8E36F900879BA6 /* Hopping.swift */; };
		B0699F292E8863750098A042 /* SelectableForEach in Frameworks */ = {isa = PBXBuildFile; productRef = B0699F282E8863750098A042 /* SelectableForEach */; };
		B0699F2B2E8863790098A042 /* StickyHeader in Frameworks */ = {isa = PBXBuildFile; productRef = B0699F2A2E8863790098A042 /* StickyHeader */; };
		B0699F2D2E88637D0098A042 /* RefreshControl in Frameworks */ = {isa = PBXBuildFile; productRef = B0699F2C2E88637D0098A042 /* RefreshControl */; };
/* End PBXBuildFile section */

/* Begin PBXCopyFilesBuildPhase section */
		4BFD751F2B21F37A0093C4AA /* Embed Frameworks */ = {
			isa = PBXCopyFilesBuildPhase;
			buildActionMask = 2147483647;
			dstPath = "";
			dstSubfolderSpec = 10;
			files = (
			);
			name = "Embed Frameworks";
			runOnlyForDeploymentPostprocessing = 0;
		};
/* End PBXCopyFilesBuildPhase section */

/* Begin PBXFileReference section */
		4B08E0AA2CF5805200B05999 /* BookScrollView.swift */ = {isa = PBXFileReference; lastKnownFileType = sourcecode.swift; path = BookScrollView.swift; sourceTree = "<group>"; };
		4B26A6772A33239500B75FB4 /* Development.app */ = {isa = PBXFileReference; explicitFileType = wrapper.application; includeInIndex = 0; path = Development.app; sourceTree = BUILT_PRODUCTS_DIR; };
		4B26A67A2A33239500B75FB4 /* DevelopmentApp.swift */ = {isa = PBXFileReference; lastKnownFileType = sourcecode.swift; path = DevelopmentApp.swift; sourceTree = "<group>"; };
		4B26A67C2A33239500B75FB4 /* ContentView.swift */ = {isa = PBXFileReference; lastKnownFileType = sourcecode.swift; path = ContentView.swift; sourceTree = "<group>"; };
		4B26A67E2A33239600B75FB4 /* Assets.xcassets */ = {isa = PBXFileReference; lastKnownFileType = folder.assetcatalog; path = Assets.xcassets; sourceTree = "<group>"; };
		4B26A6812A33239600B75FB4 /* Preview Assets.xcassets */ = {isa = PBXFileReference; lastKnownFileType = folder.assetcatalog; path = "Preview Assets.xcassets"; sourceTree = "<group>"; };
		4B26A68A2A3323D400B75FB4 /* swiftui-list-support */ = {isa = PBXFileReference; lastKnownFileType = wrapper; name = "swiftui-list-support"; path = ..; sourceTree = "<group>"; };
		4B3722672A33C701005FF24A /* BookUIKitBasedCompositional.swift */ = {isa = PBXFileReference; lastKnownFileType = sourcecode.swift; path = BookUIKitBasedCompositional.swift; sourceTree = "<group>"; };
		4B910EBB2A77A2F50079D26D /* BookUIKitBasedFlow.swift */ = {isa = PBXFileReference; lastKnownFileType = sourcecode.swift; path = BookUIKitBasedFlow.swift; sourceTree = "<group>"; };
		4B9223612D3CE6B5007E20CB /* GlobalCounter.swift */ = {isa = PBXFileReference; lastKnownFileType = sourcecode.swift; path = GlobalCounter.swift; sourceTree = "<group>"; };
		4BC34FB02CDB1C0500D22811 /* BookCollectionView.swift */ = {isa = PBXFileReference; lastKnownFileType = sourcecode.swift; path = BookCollectionView.swift; sourceTree = "<group>"; };
		4BD04C142B2C05C600FE41D9 /* BookPlainCollectionView.swift */ = {isa = PBXFileReference; lastKnownFileType = sourcecode.swift; path = BookPlainCollectionView.swift; sourceTree = "<group>"; };
		4BD04C162B2C13BB00FE41D9 /* Logger.swift */ = {isa = PBXFileReference; lastKnownFileType = sourcecode.swift; path = Logger.swift; sourceTree = "<group>"; };
		4BD04C182B2C15E100FE41D9 /* Color.swift */ = {isa = PBXFileReference; lastKnownFileType = sourcecode.swift; path = Color.swift; sourceTree = "<group>"; };
		4BEAFA482A3CE3B100478C59 /* BookVariadicView.swift */ = {isa = PBXFileReference; lastKnownFileType = sourcecode.swift; path = BookVariadicView.swift; sourceTree = "<group>"; };
		4BEBA5672D3EC59A00BDE020 /* BookRerender.swift */ = {isa = PBXFileReference; lastKnownFileType = sourcecode.swift; path = BookRerender.swift; sourceTree = "<group>"; };
		B059CA342E8E36F900879BA6 /* Hopping.swift */ = {isa = PBXFileReference; lastKnownFileType = sourcecode.swift; path = Hopping.swift; sourceTree = "<group>"; };
/* End PBXFileReference section */

/* Begin PBXFrameworksBuildPhase section */
		4B26A6742A33239500B75FB4 /* Frameworks */ = {
			isa = PBXFrameworksBuildPhase;
			buildActionMask = 2147483647;
			files = (
				4B08E0AD2CF5947100B05999 /* ScrollTracking in Frameworks */,
				4BC34FAF2CDB1B9200D22811 /* CollectionView in Frameworks */,
				4BEAFA4E2A3CE48800478C59 /* AsyncMultiplexImage-Nuke in Frameworks */,
				4BEAFA4C2A3CE48800478C59 /* AsyncMultiplexImage in Frameworks */,
				B0699F2B2E8863790098A042 /* StickyHeader in Frameworks */,
				B0699F2D2E88637D0098A042 /* RefreshControl in Frameworks */,
				4B9981D82A34F9B500840751 /* CompositionKit in Frameworks */,
				4BD542E92A362B40006261B9 /* DynamicList in Frameworks */,
				B0699F292E8863750098A042 /* SelectableForEach in Frameworks */,
			);
			runOnlyForDeploymentPostprocessing = 0;
		};
/* End PBXFrameworksBuildPhase section */

/* Begin PBXGroup section */
		4B26A66E2A33239500B75FB4 = {
			isa = PBXGroup;
			children = (
				4B26A68A2A3323D400B75FB4 /* swiftui-list-support */,
				4B26A6792A33239500B75FB4 /* Development */,
				4B26A6782A33239500B75FB4 /* Products */,
				4B26A68B2A3323E900B75FB4 /* Frameworks */,
			);
			sourceTree = "<group>";
		};
		4B26A6782A33239500B75FB4 /* Products */ = {
			isa = PBXGroup;
			children = (
				4B26A6772A33239500B75FB4 /* Development.app */,
			);
			name = Products;
			sourceTree = "<group>";
		};
		4B26A6792A33239500B75FB4 /* Development */ = {
			isa = PBXGroup;
			children = (
				B059CA342E8E36F900879BA6 /* Hopping.swift */,
				4BEBA5672D3EC59A00BDE020 /* BookRerender.swift */,
				4B9223612D3CE6B5007E20CB /* GlobalCounter.swift */,
				4B08E0AA2CF5805200B05999 /* BookScrollView.swift */,
				4BC34FB02CDB1C0500D22811 /* BookCollectionView.swift */,
				4B26A67A2A33239500B75FB4 /* DevelopmentApp.swift */,
				4B26A67C2A33239500B75FB4 /* ContentView.swift */,
				4B26A67E2A33239600B75FB4 /* Assets.xcassets */,
				4B26A6802A33239600B75FB4 /* Preview Content */,
				4B3722672A33C701005FF24A /* BookUIKitBasedCompositional.swift */,
				4BEAFA482A3CE3B100478C59 /* BookVariadicView.swift */,
				4B910EBB2A77A2F50079D26D /* BookUIKitBasedFlow.swift */,
				4BD04C142B2C05C600FE41D9 /* BookPlainCollectionView.swift */,
				4BD04C162B2C13BB00FE41D9 /* Logger.swift */,
				4BD04C182B2C15E100FE41D9 /* Color.swift */,
			);
			path = Development;
			sourceTree = "<group>";
		};
		4B26A6802A33239600B75FB4 /* Preview Content */ = {
			isa = PBXGroup;
			children = (
				4B26A6812A33239600B75FB4 /* Preview Assets.xcassets */,
			);
			path = "Preview Content";
			sourceTree = "<group>";
		};
		4B26A68B2A3323E900B75FB4 /* Frameworks */ = {
			isa = PBXGroup;
			children = (
			);
			name = Frameworks;
			sourceTree = "<group>";
		};
/* End PBXGroup section */

/* Begin PBXNativeTarget section */
		4B26A6762A33239500B75FB4 /* Development */ = {
			isa = PBXNativeTarget;
			buildConfigurationList = 4B26A6852A33239600B75FB4 /* Build configuration list for PBXNativeTarget "Development" */;
			buildPhases = (
				4B26A6732A33239500B75FB4 /* Sources */,
				4B26A6742A33239500B75FB4 /* Frameworks */,
				4B26A6752A33239500B75FB4 /* Resources */,
				4BFD751F2B21F37A0093C4AA /* Embed Frameworks */,
			);
			buildRules = (
			);
			dependencies = (
			);
			name = Development;
			packageProductDependencies = (
				4B9981D72A34F9B500840751 /* CompositionKit */,
				4BD542E82A362B40006261B9 /* DynamicList */,
				4BEAFA4B2A3CE48800478C59 /* AsyncMultiplexImage */,
				4BEAFA4D2A3CE48800478C59 /* AsyncMultiplexImage-Nuke */,
				4BC34FAE2CDB1B9200D22811 /* CollectionView */,
				4B08E0AC2CF5947100B05999 /* ScrollTracking */,
				B0699F282E8863750098A042 /* SelectableForEach */,
				B0699F2A2E8863790098A042 /* StickyHeader */,
				B0699F2C2E88637D0098A042 /* RefreshControl */,
			);
			productName = Development;
			productReference = 4B26A6772A33239500B75FB4 /* Development.app */;
			productType = "com.apple.product-type.application";
		};
/* End PBXNativeTarget section */

/* Begin PBXProject section */
		4B26A66F2A33239500B75FB4 /* Project object */ = {
			isa = PBXProject;
			attributes = {
				BuildIndependentTargetsInParallel = 1;
				LastSwiftUpdateCheck = 1430;
				LastUpgradeCheck = 1430;
				TargetAttributes = {
					4B26A6762A33239500B75FB4 = {
						CreatedOnToolsVersion = 14.3.1;
					};
				};
			};
			buildConfigurationList = 4B26A6722A33239500B75FB4 /* Build configuration list for PBXProject "Development" */;
			compatibilityVersion = "Xcode 14.0";
			developmentRegion = en;
			hasScannedForEncodings = 0;
			knownRegions = (
				en,
				Base,
			);
			mainGroup = 4B26A66E2A33239500B75FB4;
			packageReferences = (
				4B9981D62A34F9B500840751 /* XCRemoteSwiftPackageReference "CompositionKit" */,
				4BEAFA4A2A3CE48800478C59 /* XCRemoteSwiftPackageReference "swiftui-async-multiplex-image" */,
			);
			productRefGroup = 4B26A6782A33239500B75FB4 /* Products */;
			projectDirPath = "";
			projectRoot = "";
			targets = (
				4B26A6762A33239500B75FB4 /* Development */,
			);
		};
/* End PBXProject section */

/* Begin PBXResourcesBuildPhase section */
		4B26A6752A33239500B75FB4 /* Resources */ = {
			isa = PBXResourcesBuildPhase;
			buildActionMask = 2147483647;
			files = (
				4B26A6822A33239600B75FB4 /* Preview Assets.xcassets in Resources */,
				4B26A67F2A33239600B75FB4 /* Assets.xcassets in Resources */,
			);
			runOnlyForDeploymentPostprocessing = 0;
		};
/* End PBXResourcesBuildPhase section */

/* Begin PBXSourcesBuildPhase section */
		4B26A6732A33239500B75FB4 /* Sources */ = {
			isa = PBXSourcesBuildPhase;
			buildActionMask = 2147483647;
			files = (
				4B26A67D2A33239500B75FB4 /* ContentView.swift in Sources */,
				4B26A67B2A33239500B75FB4 /* DevelopmentApp.swift in Sources */,
				4BEAFA492A3CE3B100478C59 /* BookVariadicView.swift in Sources */,
				4B9223622D3CE6BC007E20CB /* GlobalCounter.swift in Sources */,
				4B3722682A33C701005FF24A /* BookUIKitBasedCompositional.swift in Sources */,
				4BD04C172B2C13BB00FE41D9 /* Logger.swift in Sources */,
				4BD04C192B2C15E100FE41D9 /* Color.swift in Sources */,
				4BEBA5682D3EC5A200BDE020 /* BookRerender.swift in Sources */,
				4B08E0AB2CF5805500B05999 /* BookScrollView.swift in Sources */,
				4BC34FB12CDB1C0C00D22811 /* BookCollectionView.swift in Sources */,
				4BD04C152B2C05C600FE41D9 /* BookPlainCollectionView.swift in Sources */,
				B059CA352E8E36F900879BA6 /* Hopping.swift in Sources */,
				4B910EBC2A77A2F50079D26D /* BookUIKitBasedFlow.swift in Sources */,
			);
			runOnlyForDeploymentPostprocessing = 0;
		};
/* End PBXSourcesBuildPhase section */

/* Begin XCBuildConfiguration section */
		4B26A6832A33239600B75FB4 /* Debug */ = {
			isa = XCBuildConfiguration;
			buildSettings = {
				ALWAYS_SEARCH_USER_PATHS = NO;
				CLANG_ANALYZER_NONNULL = YES;
				CLANG_ANALYZER_NUMBER_OBJECT_CONVERSION = YES_AGGRESSIVE;
				CLANG_CXX_LANGUAGE_STANDARD = "gnu++20";
				CLANG_ENABLE_MODULES = YES;
				CLANG_ENABLE_OBJC_ARC = YES;
				CLANG_ENABLE_OBJC_WEAK = YES;
				CLANG_WARN_BLOCK_CAPTURE_AUTORELEASING = YES;
				CLANG_WARN_BOOL_CONVERSION = YES;
				CLANG_WARN_COMMA = YES;
				CLANG_WARN_CONSTANT_CONVERSION = YES;
				CLANG_WARN_DEPRECATED_OBJC_IMPLEMENTATIONS = YES;
				CLANG_WARN_DIRECT_OBJC_ISA_USAGE = YES_ERROR;
				CLANG_WARN_DOCUMENTATION_COMMENTS = YES;
				CLANG_WARN_EMPTY_BODY = YES;
				CLANG_WARN_ENUM_CONVERSION = YES;
				CLANG_WARN_INFINITE_RECURSION = YES;
				CLANG_WARN_INT_CONVERSION = YES;
				CLANG_WARN_NON_LITERAL_NULL_CONVERSION = YES;
				CLANG_WARN_OBJC_IMPLICIT_RETAIN_SELF = YES;
				CLANG_WARN_OBJC_LITERAL_CONVERSION = YES;
				CLANG_WARN_OBJC_ROOT_CLASS = YES_ERROR;
				CLANG_WARN_QUOTED_INCLUDE_IN_FRAMEWORK_HEADER = YES;
				CLANG_WARN_RANGE_LOOP_ANALYSIS = YES;
				CLANG_WARN_STRICT_PROTOTYPES = YES;
				CLANG_WARN_SUSPICIOUS_MOVE = YES;
				CLANG_WARN_UNGUARDED_AVAILABILITY = YES_AGGRESSIVE;
				CLANG_WARN_UNREACHABLE_CODE = YES;
				CLANG_WARN__DUPLICATE_METHOD_MATCH = YES;
				COPY_PHASE_STRIP = NO;
				DEBUG_INFORMATION_FORMAT = dwarf;
				ENABLE_STRICT_OBJC_MSGSEND = YES;
				ENABLE_TESTABILITY = YES;
				GCC_C_LANGUAGE_STANDARD = gnu11;
				GCC_DYNAMIC_NO_PIC = NO;
				GCC_NO_COMMON_BLOCKS = YES;
				GCC_OPTIMIZATION_LEVEL = 0;
				GCC_PREPROCESSOR_DEFINITIONS = (
					"DEBUG=1",
					"$(inherited)",
				);
				GCC_WARN_64_TO_32_BIT_CONVERSION = YES;
				GCC_WARN_ABOUT_RETURN_TYPE = YES_ERROR;
				GCC_WARN_UNDECLARED_SELECTOR = YES;
				GCC_WARN_UNINITIALIZED_AUTOS = YES_AGGRESSIVE;
				GCC_WARN_UNUSED_FUNCTION = YES;
				GCC_WARN_UNUSED_VARIABLE = YES;
				IPHONEOS_DEPLOYMENT_TARGET = 16.4;
				MTL_ENABLE_DEBUG_INFO = INCLUDE_SOURCE;
				MTL_FAST_MATH = YES;
				ONLY_ACTIVE_ARCH = YES;
				SDKROOT = iphoneos;
				SWIFT_ACTIVE_COMPILATION_CONDITIONS = DEBUG;
				SWIFT_OPTIMIZATION_LEVEL = "-Onone";
			};
			name = Debug;
		};
		4B26A6842A33239600B75FB4 /* Release */ = {
			isa = XCBuildConfiguration;
			buildSettings = {
				ALWAYS_SEARCH_USER_PATHS = NO;
				CLANG_ANALYZER_NONNULL = YES;
				CLANG_ANALYZER_NUMBER_OBJECT_CONVERSION = YES_AGGRESSIVE;
				CLANG_CXX_LANGUAGE_STANDARD = "gnu++20";
				CLANG_ENABLE_MODULES = YES;
				CLANG_ENABLE_OBJC_ARC = YES;
				CLANG_ENABLE_OBJC_WEAK = YES;
				CLANG_WARN_BLOCK_CAPTURE_AUTORELEASING = YES;
				CLANG_WARN_BOOL_CONVERSION = YES;
				CLANG_WARN_COMMA = YES;
				CLANG_WARN_CONSTANT_CONVERSION = YES;
				CLANG_WARN_DEPRECATED_OBJC_IMPLEMENTATIONS = YES;
				CLANG_WARN_DIRECT_OBJC_ISA_USAGE = YES_ERROR;
				CLANG_WARN_DOCUMENTATION_COMMENTS = YES;
				CLANG_WARN_EMPTY_BODY = YES;
				CLANG_WARN_ENUM_CONVERSION = YES;
				CLANG_WARN_INFINITE_RECURSION = YES;
				CLANG_WARN_INT_CONVERSION = YES;
				CLANG_WARN_NON_LITERAL_NULL_CONVERSION = YES;
				CLANG_WARN_OBJC_IMPLICIT_RETAIN_SELF = YES;
				CLANG_WARN_OBJC_LITERAL_CONVERSION = YES;
				CLANG_WARN_OBJC_ROOT_CLASS = YES_ERROR;
				CLANG_WARN_QUOTED_INCLUDE_IN_FRAMEWORK_HEADER = YES;
				CLANG_WARN_RANGE_LOOP_ANALYSIS = YES;
				CLANG_WARN_STRICT_PROTOTYPES = YES;
				CLANG_WARN_SUSPICIOUS_MOVE = YES;
				CLANG_WARN_UNGUARDED_AVAILABILITY = YES_AGGRESSIVE;
				CLANG_WARN_UNREACHABLE_CODE = YES;
				CLANG_WARN__DUPLICATE_METHOD_MATCH = YES;
				COPY_PHASE_STRIP = NO;
				DEBUG_INFORMATION_FORMAT = "dwarf-with-dsym";
				ENABLE_NS_ASSERTIONS = NO;
				ENABLE_STRICT_OBJC_MSGSEND = YES;
				GCC_C_LANGUAGE_STANDARD = gnu11;
				GCC_NO_COMMON_BLOCKS = YES;
				GCC_WARN_64_TO_32_BIT_CONVERSION = YES;
				GCC_WARN_ABOUT_RETURN_TYPE = YES_ERROR;
				GCC_WARN_UNDECLARED_SELECTOR = YES;
				GCC_WARN_UNINITIALIZED_AUTOS = YES_AGGRESSIVE;
				GCC_WARN_UNUSED_FUNCTION = YES;
				GCC_WARN_UNUSED_VARIABLE = YES;
				IPHONEOS_DEPLOYMENT_TARGET = 16.4;
				MTL_ENABLE_DEBUG_INFO = NO;
				MTL_FAST_MATH = YES;
				SDKROOT = iphoneos;
				SWIFT_COMPILATION_MODE = wholemodule;
				SWIFT_OPTIMIZATION_LEVEL = "-O";
				VALIDATE_PRODUCT = YES;
			};
			name = Release;
		};
		4B26A6862A33239600B75FB4 /* Debug */ = {
			isa = XCBuildConfiguration;
			buildSettings = {
				ASSETCATALOG_COMPILER_APPICON_NAME = AppIcon;
				ASSETCATALOG_COMPILER_GLOBAL_ACCENT_COLOR_NAME = AccentColor;
				CODE_SIGN_STYLE = Automatic;
				CURRENT_PROJECT_VERSION = 1;
				DEVELOPMENT_ASSET_PATHS = "\"Development/Preview Content\"";
				DEVELOPMENT_TEAM = JX92XL88RZ;
				ENABLE_PREVIEWS = YES;
				GENERATE_INFOPLIST_FILE = YES;
				INFOPLIST_KEY_UIApplicationSceneManifest_Generation = YES;
				INFOPLIST_KEY_UIApplicationSupportsIndirectInputEvents = YES;
				INFOPLIST_KEY_UILaunchScreen_Generation = YES;
				INFOPLIST_KEY_UISupportedInterfaceOrientations_iPad = "UIInterfaceOrientationPortrait UIInterfaceOrientationPortraitUpsideDown UIInterfaceOrientationLandscapeLeft UIInterfaceOrientationLandscapeRight";
				INFOPLIST_KEY_UISupportedInterfaceOrientations_iPhone = "UIInterfaceOrientationPortrait UIInterfaceOrientationLandscapeLeft UIInterfaceOrientationLandscapeRight";
				IPHONEOS_DEPLOYMENT_TARGET = 17;
				LD_RUNPATH_SEARCH_PATHS = (
					"$(inherited)",
					"@executable_path/Frameworks",
				);
				MARKETING_VERSION = 1.0;
				PRODUCT_BUNDLE_IDENTIFIER = app.muukii.Development;
				PRODUCT_NAME = "$(TARGET_NAME)";
				SWIFT_EMIT_LOC_STRINGS = YES;
				SWIFT_VERSION = 6.0;
				TARGETED_DEVICE_FAMILY = "1,2";
			};
			name = Debug;
		};
		4B26A6872A33239600B75FB4 /* Release */ = {
			isa = XCBuildConfiguration;
			buildSettings = {
				ASSETCATALOG_COMPILER_APPICON_NAME = AppIcon;
				ASSETCATALOG_COMPILER_GLOBAL_ACCENT_COLOR_NAME = AccentColor;
				CODE_SIGN_STYLE = Automatic;
				CURRENT_PROJECT_VERSION = 1;
				DEVELOPMENT_ASSET_PATHS = "\"Development/Preview Content\"";
				DEVELOPMENT_TEAM = JX92XL88RZ;
				ENABLE_PREVIEWS = YES;
				GENERATE_INFOPLIST_FILE = YES;
				INFOPLIST_KEY_UIApplicationSceneManifest_Generation = YES;
				INFOPLIST_KEY_UIApplicationSupportsIndirectInputEvents = YES;
				INFOPLIST_KEY_UILaunchScreen_Generation = YES;
				INFOPLIST_KEY_UISupportedInterfaceOrientations_iPad = "UIInterfaceOrientationPortrait UIInterfaceOrientationPortraitUpsideDown UIInterfaceOrientationLandscapeLeft UIInterfaceOrientationLandscapeRight";
				INFOPLIST_KEY_UISupportedInterfaceOrientations_iPhone = "UIInterfaceOrientationPortrait UIInterfaceOrientationLandscapeLeft UIInterfaceOrientationLandscapeRight";
				IPHONEOS_DEPLOYMENT_TARGET = 17;
				LD_RUNPATH_SEARCH_PATHS = (
					"$(inherited)",
					"@executable_path/Frameworks",
				);
				MARKETING_VERSION = 1.0;
				PRODUCT_BUNDLE_IDENTIFIER = app.muukii.Development;
				PRODUCT_NAME = "$(TARGET_NAME)";
				SWIFT_EMIT_LOC_STRINGS = YES;
				SWIFT_VERSION = 6.0;
				TARGETED_DEVICE_FAMILY = "1,2";
			};
			name = Release;
		};
/* End XCBuildConfiguration section */

/* Begin XCConfigurationList section */
		4B26A6722A33239500B75FB4 /* Build configuration list for PBXProject "Development" */ = {
			isa = XCConfigurationList;
			buildConfigurations = (
				4B26A6832A33239600B75FB4 /* Debug */,
				4B26A6842A33239600B75FB4 /* Release */,
			);
			defaultConfigurationIsVisible = 0;
			defaultConfigurationName = Release;
		};
		4B26A6852A33239600B75FB4 /* Build configuration list for PBXNativeTarget "Development" */ = {
			isa = XCConfigurationList;
			buildConfigurations = (
				4B26A6862A33239600B75FB4 /* Debug */,
				4B26A6872A33239600B75FB4 /* Release */,
			);
			defaultConfigurationIsVisible = 0;
			defaultConfigurationName = Release;
		};
/* End XCConfigurationList section */

/* Begin XCRemoteSwiftPackageReference section */
		4B9981D62A34F9B500840751 /* XCRemoteSwiftPackageReference "CompositionKit" */ = {
			isa = XCRemoteSwiftPackageReference;
			repositoryURL = "https://github.com/FluidGroup/CompositionKit.git";
			requirement = {
				kind = upToNextMajorVersion;
				minimumVersion = 0.4.4;
			};
		};
		4BEAFA4A2A3CE48800478C59 /* XCRemoteSwiftPackageReference "swiftui-async-multiplex-image" */ = {
			isa = XCRemoteSwiftPackageReference;
			repositoryURL = "https://github.com/FluidGroup/swiftui-async-multiplex-image";
			requirement = {
				kind = upToNextMajorVersion;
				minimumVersion = 0.3.0;
			};
		};
/* End XCRemoteSwiftPackageReference section */

/* Begin XCSwiftPackageProductDependency section */
		4B08E0AC2CF5947100B05999 /* ScrollTracking */ = {
			isa = XCSwiftPackageProductDependency;
			productName = ScrollTracking;
		};
		4B9981D72A34F9B500840751 /* CompositionKit */ = {
			isa = XCSwiftPackageProductDependency;
			package = 4B9981D62A34F9B500840751 /* XCRemoteSwiftPackageReference "CompositionKit" */;
			productName = CompositionKit;
		};
		4BC34FAE2CDB1B9200D22811 /* CollectionView */ = {
			isa = XCSwiftPackageProductDependency;
			productName = CollectionView;
		};
		4BD542E82A362B40006261B9 /* DynamicList */ = {
			isa = XCSwiftPackageProductDependency;
			productName = DynamicList;
		};
		4BEAFA4B2A3CE48800478C59 /* AsyncMultiplexImage */ = {
			isa = XCSwiftPackageProductDependency;
			package = 4BEAFA4A2A3CE48800478C59 /* XCRemoteSwiftPackageReference "swiftui-async-multiplex-image" */;
			productName = AsyncMultiplexImage;
		};
		4BEAFA4D2A3CE48800478C59 /* AsyncMultiplexImage-Nuke */ = {
			isa = XCSwiftPackageProductDependency;
			package = 4BEAFA4A2A3CE48800478C59 /* XCRemoteSwiftPackageReference "swiftui-async-multiplex-image" */;
			productName = "AsyncMultiplexImage-Nuke";
		};
		B0699F282E8863750098A042 /* SelectableForEach */ = {
			isa = XCSwiftPackageProductDependency;
			productName = SelectableForEach;
		};
		B0699F2A2E8863790098A042 /* StickyHeader */ = {
			isa = XCSwiftPackageProductDependency;
			productName = StickyHeader;
		};
		B0699F2C2E88637D0098A042 /* RefreshControl */ = {
			isa = XCSwiftPackageProductDependency;
			productName = RefreshControl;
		};
/* End XCSwiftPackageProductDependency section */
	};
	rootObject = 4B26A66F2A33239500B75FB4 /* Project object */;
}
