{
  "pins" : [
    {
      "identity" : "compositionkit",
      "kind" : "remoteSourceControl",
      "location" : "https://github.com/FluidGroup/CompositionKit.git",
      "state" : {
        "revision" : "c7b2bbb2eed8318ad886f2815ac6cb275318db5d",
        "version" : "0.4.4"
      }
    },
    {
      "identity" : "descriptors",
      "kind" : "remoteSourceControl",
      "location" : "https://github.com/muukii/Descriptors.git",
      "state" : {
        "revision" : "f41ce2605a76c5d378fe8c5e8c5c98b544dfd108",
        "version" : "0.2.3"
      }
    },
    {
      "identity" : "mondrianlayout",
      "kind" : "remoteSourceControl",
      "location" : "https://github.com/muukii/MondrianLayout.git",
      "state" : {
        "revision" : "5f00b13984fe08316fc5b5be06e2f41c14a3befa",
        "version" : "0.10.0"
      }
    },
    {
      "identity" : "nuke",
      "kind" : "remoteSourceControl",
      "location" : "https://github.com/kean/Nuke.git",
      "state" : {
        "revision" : "f4d9b95788679d0654c032961f73e7e9c16ca6b4",
        "version" : "12.1.0"
      }
    },
    {
      "identity" : "swiftui-async-multiplex-image",
      "kind" : "remoteSourceControl",
      "location" : "https://github.com/FluidGroup/swiftui-async-multiplex-image",
      "state" : {
        "revision" : "21f295509631e4e471b93b95c30423314bade9a1",
        "version" : "0.3.0"
      }
    },
    {
      "identity" : "swiftui-gesture-velocity",
      "kind" : "remoteSourceControl",
      "location" : "https://github.com/FluidGroup/swiftui-gesture-velocity",
      "state" : {
        "revision" : "9c83f8995f9e5efc29db2fca4b9ff058283f1603",
        "version" : "1.0.0"
      }
    },
    {
      "identity" : "swiftui-support",
      "kind" : "remoteSourceControl",
      "location" : "https://github.com/FluidGroup/swiftui-support",
      "state" : {
        "revision" : "8ef53190c33bd345e7a95ef504dafe0f85ad9c4d",
        "version" : "0.4.1"
      }
    }
  ],
  "version" : 2
}
